
Microsoft Visual Studio Solution File, Format Version 12.00
# Visual Studio Version 16
VisualStudioVersion = 16.0.30413.136
MinimumVisualStudioVersion = 10.0.40219.1
Project("{9A19103F-16F7-4668-BE54-9A1E7A4F7556}") = "TwitCasting.Net.Downloader", "TwitCasting.Net.Downloader\TwitCasting.Net.Downloader.csproj", "{8BB20374-4A45-4E83-90AC-52D60E050A57}"
EndProject
Global
	GlobalSection(SolutionConfigurationPlatforms) = preSolution
		Debug|Any CPU = Debug|Any CPU
		Release|Any CPU = Release|Any CPU
	EndGlobalSection
	GlobalSection(ProjectConfigurationPlatforms) = postSolution
		{8BB20374-4A45-4E83-90AC-52D60E050A57}.Debug|Any CPU.ActiveCfg = Debug|Any CPU
		{8BB20374-4A45-4E83-90AC-52D60E050A57}.Debug|Any CPU.Build.0 = Debug|Any CPU
		{8BB20374-4A45-4E83-90AC-52D60E050A57}.Release|Any CPU.ActiveCfg = Release|Any CPU
		{8BB20374-4A45-4E83-90AC-52D60E050A57}.Release|Any CPU.Build.0 = Release|Any CPU
	EndGlobalSection
	GlobalSection(SolutionProperties) = preSolution
		HideSolutionNode = FALSE
	EndGlobalSection
	GlobalSection(ExtensibilityGlobals) = postSolution
		SolutionGuid = {F6D318DE-BFF0-42BF-8817-7DBC4326E963}
	EndGlobalSection
EndGlobal
